
Microsoft Visual Studio Solution File, Format Version 12.00
# Visual Studio Version 16
VisualStudioVersion = 16.0.31729.503
MinimumVisualStudioVersion = 10.0.40219.1
Project("{FAE04EC0-301F-11D3-BF4B-00C04F79EFBC}") = "Video_Library", "Video_Library.csproj", "{BD67294D-497D-4E69-9648-D6C40BF5CD10}"
EndProject
Global
	GlobalSection(SolutionConfigurationPlatforms) = preSolution
		Debug|Any CPU = Debug|Any CPU
		Release|Any CPU = Release|Any CPU
	EndGlobalSection
	GlobalSection(ProjectConfigurationPlatforms) = postSolution
		{BD67294D-497D-4E69-9648-D6C40BF5CD10}.Debug|Any CPU.ActiveCfg = Debug|Any CPU
		{BD67294D-497D-4E69-9648-D6C40BF5CD10}.Debug|Any CPU.Build.0 = Debug|Any CPU
		{BD67294D-497D-4E69-9648-D6C40BF5CD10}.Release|Any CPU.ActiveCfg = Release|Any CPU
		{BD67294D-497D-4E69-9648-D6C40BF5CD10}.Release|Any CPU.Build.0 = Release|Any CPU
	EndGlobalSection
	GlobalSection(SolutionProperties) = preSolution
		HideSolutionNode = FALSE
	EndGlobalSection
	GlobalSection(ExtensibilityGlobals) = postSolution
		SolutionGuid = {33074041-726A-4026-8736-3FFF455E27AE}
	EndGlobalSection
EndGlobal
